
Microsoft Visual Studio Solution File, Format Version 12.00
# Visual Studio Version 17
VisualStudioVersion = 17.5.002.0
MinimumVisualStudioVersion = 10.0.40219.1
Project("{9A19103F-16F7-4668-BE54-9A1E7A4F7556}") = "Final", "Final\Final.csproj", "{F0413DB7-45C2-4EC6-AD0F-C50C2B5D76A0}"
EndProject
Project("{9A19103F-16F7-4668-BE54-9A1E7A4F7556}") = "Starter", "Starter\Starter.csproj", "{9A8CD1FF-1B98-4CB3-B5B4-CF0BD1A02403}"
EndProject
Global
	GlobalSection(SolutionConfigurationPlatforms) = preSolution
		Debug|Any CPU = Debug|Any CPU
		Release|Any CPU = Release|Any CPU
	EndGlobalSection
	GlobalSection(ProjectConfigurationPlatforms) = postSolution
		{F0413DB7-45C2-4EC6-AD0F-C50C2B5D76A0}.Debug|Any CPU.ActiveCfg = Debug|Any CPU
		{F0413DB7-45C2-4EC6-AD0F-C50C2B5D76A0}.Debug|Any CPU.Build.0 = Debug|Any CPU
		{F0413DB7-45C2-4EC6-AD0F-C50C2B5D76A0}.Release|Any CPU.ActiveCfg = Release|Any CPU
		{F0413DB7-45C2-4EC6-AD0F-C50C2B5D76A0}.Release|Any CPU.Build.0 = Release|Any CPU
		{9A8CD1FF-1B98-4CB3-B5B4-CF0BD1A02403}.Debug|Any CPU.ActiveCfg = Debug|Any CPU
		{9A8CD1FF-1B98-4CB3-B5B4-CF0BD1A02403}.Debug|Any CPU.Build.0 = Debug|Any CPU
		{9A8CD1FF-1B98-4CB3-B5B4-CF0BD1A02403}.Release|Any CPU.ActiveCfg = Release|Any CPU
		{9A8CD1FF-1B98-4CB3-B5B4-CF0BD1A02403}.Release|Any CPU.Build.0 = Release|Any CPU
	EndGlobalSection
	GlobalSection(SolutionProperties) = preSolution
		HideSolutionNode = FALSE
	EndGlobalSection
	GlobalSection(ExtensibilityGlobals) = postSolution
		SolutionGuid = {306DA99D-11E9-4321-8000-D7E53C3B244E}
	EndGlobalSection
EndGlobal
